
Microsoft Visual Studio Solution File, Format Version 11.00
# Visual Studio 2010
Project("{FAE04EC0-301F-11D3-BF4B-00C04F79EFBC}") = "Common", "Common\Common.csproj", "{646E1780-7A90-475B-842B-3F22F0531167}"
EndProject
Project("{FAE04EC0-301F-11D3-BF4B-00C04F79EFBC}") = "WebServiceRGS", "RGS\WebServiceRGS\WebServiceRGS.csproj", "{E08CE95D-6F13-4946-B0D6-39CE68EC49EE}"
EndProject
Project("{2150E333-8FDC-42A3-9474-1A3956D46DE8}") = "WebService", "WebService", "{E1D85F43-BC72-4569-930F-AFA5AE2ED7B3}"
EndProject
Project("{FAE04EC0-301F-11D3-BF4B-00C04F79EFBC}") = "WebServiceRGS.Core", "RGS\WebServiceRGS.Core\WebServiceRGS.Core.csproj", "{BD53C557-BBC7-4A55-9ECC-7C231545215A}"
EndProject
Project("{FAE04EC0-301F-11D3-BF4B-00C04F79EFBC}") = "WebServiceRGS.Tester", "RGS\WebServiceRGS.Tester\WebServiceRGS.Tester.csproj", "{E39C40A0-385D-4E61-9E8B-41C0F722026B}"
	ProjectSection(ProjectDependencies) = postProject
		{E08CE95D-6F13-4946-B0D6-39CE68EC49EE} = {E08CE95D-6F13-4946-B0D6-39CE68EC49EE}
	EndProjectSection
EndProject
Global
	GlobalSection(SolutionConfigurationPlatforms) = preSolution
		Debug|Any CPU = Debug|Any CPU
		Release|Any CPU = Release|Any CPU
	EndGlobalSection
	GlobalSection(ProjectConfigurationPlatforms) = postSolution
		{646E1780-7A90-475B-842B-3F22F0531167}.Debug|Any CPU.ActiveCfg = Debug|Any CPU
		{646E1780-7A90-475B-842B-3F22F0531167}.Debug|Any CPU.Build.0 = Debug|Any CPU
		{646E1780-7A90-475B-842B-3F22F0531167}.Release|Any CPU.ActiveCfg = Release|Any CPU
		{646E1780-7A90-475B-842B-3F22F0531167}.Release|Any CPU.Build.0 = Release|Any CPU
		{E08CE95D-6F13-4946-B0D6-39CE68EC49EE}.Debug|Any CPU.ActiveCfg = Debug|Any CPU
		{E08CE95D-6F13-4946-B0D6-39CE68EC49EE}.Debug|Any CPU.Build.0 = Debug|Any CPU
		{E08CE95D-6F13-4946-B0D6-39CE68EC49EE}.Release|Any CPU.ActiveCfg = Release|Any CPU
		{E08CE95D-6F13-4946-B0D6-39CE68EC49EE}.Release|Any CPU.Build.0 = Release|Any CPU
		{BD53C557-BBC7-4A55-9ECC-7C231545215A}.Debug|Any CPU.ActiveCfg = Debug|Any CPU
		{BD53C557-BBC7-4A55-9ECC-7C231545215A}.Debug|Any CPU.Build.0 = Debug|Any CPU
		{BD53C557-BBC7-4A55-9ECC-7C231545215A}.Release|Any CPU.ActiveCfg = Release|Any CPU
		{BD53C557-BBC7-4A55-9ECC-7C231545215A}.Release|Any CPU.Build.0 = Release|Any CPU
		{E39C40A0-385D-4E61-9E8B-41C0F722026B}.Debug|Any CPU.ActiveCfg = Debug|Any CPU
		{E39C40A0-385D-4E61-9E8B-41C0F722026B}.Debug|Any CPU.Build.0 = Debug|Any CPU
		{E39C40A0-385D-4E61-9E8B-41C0F722026B}.Release|Any CPU.ActiveCfg = Release|Any CPU
		{E39C40A0-385D-4E61-9E8B-41C0F722026B}.Release|Any CPU.Build.0 = Release|Any CPU
	EndGlobalSection
	GlobalSection(SolutionProperties) = preSolution
		HideSolutionNode = FALSE
	EndGlobalSection
	GlobalSection(NestedProjects) = preSolution
		{E08CE95D-6F13-4946-B0D6-39CE68EC49EE} = {E1D85F43-BC72-4569-930F-AFA5AE2ED7B3}
		{BD53C557-BBC7-4A55-9ECC-7C231545215A} = {E1D85F43-BC72-4569-930F-AFA5AE2ED7B3}
		{E39C40A0-385D-4E61-9E8B-41C0F722026B} = {E1D85F43-BC72-4569-930F-AFA5AE2ED7B3}
	EndGlobalSection
EndGlobal
